// !$*UTF8*$!
{
	archiveVersion = 1;
	classes = {
	};
	objectVersion = 55;
	objects = {

/* Begin PBXBuildFile section */
		379C15BD29128BE000D91BA6 /* FifaWorldCupApp.swift in Sources */ = {isa = PBXBuildFile; fileRef = 379C15BC29128BE000D91BA6 /* FifaWorldCupApp.swift */; };
		379C15BF29128BE000D91BA6 /* ContentView.swift in Sources */ = {isa = PBXBuildFile; fileRef = 379C15BE29128BE000D91BA6 /* ContentView.swift */; };
		379C15C129128BE200D91BA6 /* Assets.xcassets in Resources */ = {isa = PBXBuildFile; fileRef = 379C15C029128BE200D91BA6 /* Assets.xcassets */; };
		379C15C429128BE200D91BA6 /* Preview Assets.xcassets in Resources */ = {isa = PBXBuildFile; fileRef = 379C15C329128BE200D91BA6 /* Preview Assets.xcassets */; };
		379C15CD29129AE800D91BA6 /* Home.swift in Sources */ = {isa = PBXBuildFile; fileRef = 379C15CC29129AE800D91BA6 /* Home.swift */; };
		379C15CF29129DF000D91BA6 /* Teams.swift in Sources */ = {isa = PBXBuildFile; fileRef = 379C15CE29129DF000D91BA6 /* Teams.swift */; };
		379C15D129129E0200D91BA6 /* Matches.swift in Sources */ = {isa = PBXBuildFile; fileRef = 379C15D029129E0200D91BA6 /* Matches.swift */; };
		379C15D329129E1100D91BA6 /* Venue.swift in Sources */ = {isa = PBXBuildFile; fileRef = 379C15D229129E1100D91BA6 /* Venue.swift */; };
		379C15DF2912A97100D91BA6 /* Group1.swift in Sources */ = {isa = PBXBuildFile; fileRef = 379C15DE2912A97100D91BA6 /* Group1.swift */; };
		379C15E42912A99700D91BA6 /* Group2.swift in Sources */ = {isa = PBXBuildFile; fileRef = 379C15E32912A99700D91BA6 /* Group2.swift */; };
		379C15E62912A9A300D91BA6 /* Group3.swift in Sources */ = {isa = PBXBuildFile; fileRef = 379C15E52912A9A300D91BA6 /* Group3.swift */; };
		379C15E82912A9AE00D91BA6 /* Group4.swift in Sources */ = {isa = PBXBuildFile; fileRef = 379C15E72912A9AE00D91BA6 /* Group4.swift */; };
		379C15EA2912BA3900D91BA6 /* Group1Match.swift in Sources */ = {isa = PBXBuildFile; fileRef = 379C15E92912BA3900D91BA6 /* Group1Match.swift */; };
		379C15EC2912BA5700D91BA6 /* Group2Match.swift in Sources */ = {isa = PBXBuildFile; fileRef = 379C15EB2912BA5700D91BA6 /* Group2Match.swift */; };
		379C15EE2912BA6900D91BA6 /* Group3Match.swift in Sources */ = {isa = PBXBuildFile; fileRef = 379C15ED2912BA6900D91BA6 /* Group3Match.swift */; };
		379C15F02912BA7500D91BA6 /* Group4Match.swift in Sources */ = {isa = PBXBuildFile; fileRef = 379C15EF2912BA7500D91BA6 /* Group4Match.swift */; };
		379C15F22912D86000D91BA6 /* VenueDetailView.swift in Sources */ = {isa = PBXBuildFile; fileRef = 379C15F12912D86000D91BA6 /* VenueDetailView.swift */; };
/* End PBXBuildFile section */

/* Begin PBXFileReference section */
		379C15B929128BE000D91BA6 /* FifaWorldCup.app */ = {isa = PBXFileReference; explicitFileType = wrapper.application; includeInIndex = 0; path = FifaWorldCup.app; sourceTree = BUILT_PRODUCTS_DIR; };
		379C15BC29128BE000D91BA6 /* FifaWorldCupApp.swift */ = {isa = PBXFileReference; lastKnownFileType = sourcecode.swift; path = FifaWorldCupApp.swift; sourceTree = "<group>"; };
		379C15BE29128BE000D91BA6 /* ContentView.swift */ = {isa = PBXFileReference; lastKnownFileType = sourcecode.swift; path = ContentView.swift; sourceTree = "<group>"; };
		379C15C029128BE200D91BA6 /* Assets.xcassets */ = {isa = PBXFileReference; lastKnownFileType = folder.assetcatalog; path = Assets.xcassets; sourceTree = "<group>"; };
		379C15C329128BE200D91BA6 /* Preview Assets.xcassets */ = {isa = PBXFileReference; lastKnownFileType = folder.assetcatalog; path = "Preview Assets.xcassets"; sourceTree = "<group>"; };
		379C15CC29129AE800D91BA6 /* Home.swift */ = {isa = PBXFileReference; lastKnownFileType = sourcecode.swift; path = Home.swift; sourceTree = "<group>"; };
		379C15CE29129DF000D91BA6 /* Teams.swift */ = {isa = PBXFileReference; lastKnownFileType = sourcecode.swift; path = Teams.swift; sourceTree = "<group>"; };
		379C15D029129E0200D91BA6 /* Matches.swift */ = {isa = PBXFileReference; lastKnownFileType = sourcecode.swift; path = Matches.swift; sourceTree = "<group>"; };
		379C15D229129E1100D91BA6 /* Venue.swift */ = {isa = PBXFileReference; lastKnownFileType = sourcecode.swift; path = Venue.swift; sourceTree = "<group>"; };
		379C15DE2912A97100D91BA6 /* Group1.swift */ = {isa = PBXFileReference; lastKnownFileType = sourcecode.swift; path = Group1.swift; sourceTree = "<group>"; };
		379C15E32912A99700D91BA6 /* Group2.swift */ = {isa = PBXFileReference; lastKnownFileType = sourcecode.swift; path = Group2.swift; sourceTree = "<group>"; };
		379C15E52912A9A300D91BA6 /* Group3.swift */ = {isa = PBXFileReference; lastKnownFileType = sourcecode.swift; path = Group3.swift; sourceTree = "<group>"; };
		379C15E72912A9AE00D91BA6 /* Group4.swift */ = {isa = PBXFileReference; lastKnownFileType = sourcecode.swift; path = Group4.swift; sourceTree = "<group>"; };
		379C15E92912BA3900D91BA6 /* Group1Match.swift */ = {isa = PBXFileReference; lastKnownFileType = sourcecode.swift; path = Group1Match.swift; sourceTree = "<group>"; };
		379C15EB2912BA5700D91BA6 /* Group2Match.swift */ = {isa = PBXFileReference; lastKnownFileType = sourcecode.swift; path = Group2Match.swift; sourceTree = "<group>"; };
		379C15ED2912BA6900D91BA6 /* Group3Match.swift */ = {isa = PBXFileReference; lastKnownFileType = sourcecode.swift; path = Group3Match.swift; sourceTree = "<group>"; };
		379C15EF2912BA7500D91BA6 /* Group4Match.swift */ = {isa = PBXFileReference; lastKnownFileType = sourcecode.swift; path = Group4Match.swift; sourceTree = "<group>"; };
		379C15F12912D86000D91BA6 /* VenueDetailView.swift */ = {isa = PBXFileReference; lastKnownFileType = sourcecode.swift; path = VenueDetailView.swift; sourceTree = "<group>"; };
/* End PBXFileReference section */

/* Begin PBXFrameworksBuildPhase section */
		379C15B629128BE000D91BA6 /* Frameworks */ = {
			isa = PBXFrameworksBuildPhase;
			buildActionMask = 2147483647;
			files = (
			);
			runOnlyForDeploymentPostprocessing = 0;
		};
/* End PBXFrameworksBuildPhase section */

/* Begin PBXGroup section */
		379C15B029128BE000D91BA6 = {
			isa = PBXGroup;
			children = (
				379C15BB29128BE000D91BA6 /* FifaWorldCup */,
				379C15BA29128BE000D91BA6 /* Products */,
			);
			sourceTree = "<group>";
		};
		379C15BA29128BE000D91BA6 /* Products */ = {
			isa = PBXGroup;
			children = (
				379C15B929128BE000D91BA6 /* FifaWorldCup.app */,
			);
			name = Products;
			sourceTree = "<group>";
		};
		379C15BB29128BE000D91BA6 /* FifaWorldCup */ = {
			isa = PBXGroup;
			children = (
				379C15BC29128BE000D91BA6 /* FifaWorldCupApp.swift */,
				379C15CC29129AE800D91BA6 /* Home.swift */,
				379C15BE29128BE000D91BA6 /* ContentView.swift */,
				379C15C029128BE200D91BA6 /* Assets.xcassets */,
				379C15C229128BE200D91BA6 /* Preview Content */,
				379C15CE29129DF000D91BA6 /* Teams.swift */,
				379C15D029129E0200D91BA6 /* Matches.swift */,
				379C15D229129E1100D91BA6 /* Venue.swift */,
				379C15DE2912A97100D91BA6 /* Group1.swift */,
				379C15E32912A99700D91BA6 /* Group2.swift */,
				379C15E52912A9A300D91BA6 /* Group3.swift */,
				379C15E72912A9AE00D91BA6 /* Group4.swift */,
				379C15E92912BA3900D91BA6 /* Group1Match.swift */,
				379C15EB2912BA5700D91BA6 /* Group2Match.swift */,
				379C15ED2912BA6900D91BA6 /* Group3Match.swift */,
				379C15EF2912BA7500D91BA6 /* Group4Match.swift */,
				379C15F12912D86000D91BA6 /* VenueDetailView.swift */,
			);
			path = FifaWorldCup;
			sourceTree = "<group>";
		};
		379C15C229128BE200D91BA6 /* Preview Content */ = {
			isa = PBXGroup;
			children = (
				379C15C329128BE200D91BA6 /* Preview Assets.xcassets */,
			);
			path = "Preview Content";
			sourceTree = "<group>";
		};
/* End PBXGroup section */

/* Begin PBXNativeTarget section */
		379C15B829128BE000D91BA6 /* FifaWorldCup */ = {
			isa = PBXNativeTarget;
			buildConfigurationList = 379C15C729128BE200D91BA6 /* Build configuration list for PBXNativeTarget "FifaWorldCup" */;
			buildPhases = (
				379C15B529128BE000D91BA6 /* Sources */,
				379C15B629128BE000D91BA6 /* Frameworks */,
				379C15B729128BE000D91BA6 /* Resources */,
			);
			buildRules = (
			);
			dependencies = (
			);
			name = FifaWorldCup;
			productName = FifaWorldCup;
			productReference = 379C15B929128BE000D91BA6 /* FifaWorldCup.app */;
			productType = "com.apple.product-type.application";
		};
/* End PBXNativeTarget section */

/* Begin PBXProject section */
		379C15B129128BE000D91BA6 /* Project object */ = {
			isa = PBXProject;
			attributes = {
				BuildIndependentTargetsInParallel = 1;
				LastSwiftUpdateCheck = 1340;
				LastUpgradeCheck = 1340;
				TargetAttributes = {
					379C15B829128BE000D91BA6 = {
						CreatedOnToolsVersion = 13.4.1;
					};
				};
			};
			buildConfigurationList = 379C15B429128BE000D91BA6 /* Build configuration list for PBXProject "FifaWorldCup" */;
			compatibilityVersion = "Xcode 13.0";
			developmentRegion = en;
			hasScannedForEncodings = 0;
			knownRegions = (
				en,
				Base,
			);
			mainGroup = 379C15B029128BE000D91BA6;
			productRefGroup = 379C15BA29128BE000D91BA6 /* Products */;
			projectDirPath = "";
			projectRoot = "";
			targets = (
				379C15B829128BE000D91BA6 /* FifaWorldCup */,
			);
		};
/* End PBXProject section */

/* Begin PBXResourcesBuildPhase section */
		379C15B729128BE000D91BA6 /* Resources */ = {
			isa = PBXResourcesBuildPhase;
			buildActionMask = 2147483647;
			files = (
				379C15C429128BE200D91BA6 /* Preview Assets.xcassets in Resources */,
				379C15C129128BE200D91BA6 /* Assets.xcassets in Resources */,
			);
			runOnlyForDeploymentPostprocessing = 0;
		};
/* End PBXResourcesBuildPhase section */

/* Begin PBXSourcesBuildPhase section */
		379C15B529128BE000D91BA6 /* Sources */ = {
			isa = PBXSourcesBuildPhase;
			buildActionMask = 2147483647;
			files = (
				379C15EE2912BA6900D91BA6 /* Group3Match.swift in Sources */,
				379C15EC2912BA5700D91BA6 /* Group2Match.swift in Sources */,
				379C15CF29129DF000D91BA6 /* Teams.swift in Sources */,
				379C15D329129E1100D91BA6 /* Venue.swift in Sources */,
				379C15BF29128BE000D91BA6 /* ContentView.swift in Sources */,
				379C15CD29129AE800D91BA6 /* Home.swift in Sources */,
				379C15D129129E0200D91BA6 /* Matches.swift in Sources */,
				379C15DF2912A97100D91BA6 /* Group1.swift in Sources */,
				379C15E42912A99700D91BA6 /* Group2.swift in Sources */,
				379C15BD29128BE000D91BA6 /* FifaWorldCupApp.swift in Sources */,
				379C15E82912A9AE00D91BA6 /* Group4.swift in Sources */,
				379C15EA2912BA3900D91BA6 /* Group1Match.swift in Sources */,
				379C15F22912D86000D91BA6 /* VenueDetailView.swift in Sources */,
				379C15F02912BA7500D91BA6 /* Group4Match.swift in Sources */,
				379C15E62912A9A300D91BA6 /* Group3.swift in Sources */,
			);
			runOnlyForDeploymentPostprocessing = 0;
		};
/* End PBXSourcesBuildPhase section */

/* Begin XCBuildConfiguration section */
		379C15C529128BE200D91BA6 /* Debug */ = {
			isa = XCBuildConfiguration;
			buildSettings = {
				ALWAYS_SEARCH_USER_PATHS = NO;
				CLANG_ANALYZER_NONNULL = YES;
				CLANG_ANALYZER_NUMBER_OBJECT_CONVERSION = YES_AGGRESSIVE;
				CLANG_CXX_LANGUAGE_STANDARD = "gnu++17";
				CLANG_ENABLE_MODULES = YES;
				CLANG_ENABLE_OBJC_ARC = YES;
				CLANG_ENABLE_OBJC_WEAK = YES;
				CLANG_WARN_BLOCK_CAPTURE_AUTORELEASING = YES;
				CLANG_WARN_BOOL_CONVERSION = YES;
				CLANG_WARN_COMMA = YES;
				CLANG_WARN_CONSTANT_CONVERSION = YES;
				CLANG_WARN_DEPRECATED_OBJC_IMPLEMENTATIONS = YES;
				CLANG_WARN_DIRECT_OBJC_ISA_USAGE = YES_ERROR;
				CLANG_WARN_DOCUMENTATION_COMMENTS = YES;
				CLANG_WARN_EMPTY_BODY = YES;
				CLANG_WARN_ENUM_CONVERSION = YES;
				CLANG_WARN_INFINITE_RECURSION = YES;
				CLANG_WARN_INT_CONVERSION = YES;
				CLANG_WARN_NON_LITERAL_NULL_CONVERSION = YES;
				CLANG_WARN_OBJC_IMPLICIT_RETAIN_SELF = YES;
				CLANG_WARN_OBJC_LITERAL_CONVERSION = YES;
				CLANG_WARN_OBJC_ROOT_CLASS = YES_ERROR;
				CLANG_WARN_QUOTED_INCLUDE_IN_FRAMEWORK_HEADER = YES;
				CLANG_WARN_RANGE_LOOP_ANALYSIS = YES;
				CLANG_WARN_STRICT_PROTOTYPES = YES;
				CLANG_WARN_SUSPICIOUS_MOVE = YES;
				CLANG_WARN_UNGUARDED_AVAILABILITY = YES_AGGRESSIVE;
				CLANG_WARN_UNREACHABLE_CODE = YES;
				CLANG_WARN__DUPLICATE_METHOD_MATCH = YES;
				COPY_PHASE_STRIP = NO;
				DEBUG_INFORMATION_FORMAT = dwarf;
				ENABLE_STRICT_OBJC_MSGSEND = YES;
				ENABLE_TESTABILITY = YES;
				GCC_C_LANGUAGE_STANDARD = gnu11;
				GCC_DYNAMIC_NO_PIC = NO;
				GCC_NO_COMMON_BLOCKS = YES;
				GCC_OPTIMIZATION_LEVEL = 0;
				GCC_PREPROCESSOR_DEFINITIONS = (
					"DEBUG=1",
					"$(inherited)",
				);
				GCC_WARN_64_TO_32_BIT_CONVERSION = YES;
				GCC_WARN_ABOUT_RETURN_TYPE = YES_ERROR;
				GCC_WARN_UNDECLARED_SELECTOR = YES;
				GCC_WARN_UNINITIALIZED_AUTOS = YES_AGGRESSIVE;
				GCC_WARN_UNUSED_FUNCTION = YES;
				GCC_WARN_UNUSED_VARIABLE = YES;
				IPHONEOS_DEPLOYMENT_TARGET = 15.5;
				MTL_ENABLE_DEBUG_INFO = INCLUDE_SOURCE;
				MTL_FAST_MATH = YES;
				ONLY_ACTIVE_ARCH = YES;
				SDKROOT = iphoneos;
				SWIFT_ACTIVE_COMPILATION_CONDITIONS = DEBUG;
				SWIFT_OPTIMIZATION_LEVEL = "-Onone";
			};
			name = Debug;
		};
		379C15C629128BE200D91BA6 /* Release */ = {
			isa = XCBuildConfiguration;
			buildSettings = {
				ALWAYS_SEARCH_USER_PATHS = NO;
				CLANG_ANALYZER_NONNULL = YES;
				CLANG_ANALYZER_NUMBER_OBJECT_CONVERSION = YES_AGGRESSIVE;
				CLANG_CXX_LANGUAGE_STANDARD = "gnu++17";
				CLANG_ENABLE_MODULES = YES;
				CLANG_ENABLE_OBJC_ARC = YES;
				CLANG_ENABLE_OBJC_WEAK = YES;
				CLANG_WARN_BLOCK_CAPTURE_AUTORELEASING = YES;
				CLANG_WARN_BOOL_CONVERSION = YES;
				CLANG_WARN_COMMA = YES;
				CLANG_WARN_CONSTANT_CONVERSION = YES;
				CLANG_WARN_DEPRECATED_OBJC_IMPLEMENTATIONS = YES;
				CLANG_WARN_DIRECT_OBJC_ISA_USAGE = YES_ERROR;
				CLANG_WARN_DOCUMENTATION_COMMENTS = YES;
				CLANG_WARN_EMPTY_BODY = YES;
				CLANG_WARN_ENUM_CONVERSION = YES;
				CLANG_WARN_INFINITE_RECURSION = YES;
				CLANG_WARN_INT_CONVERSION = YES;
				CLANG_WARN_NON_LITERAL_NULL_CONVERSION = YES;
				CLANG_WARN_OBJC_IMPLICIT_RETAIN_SELF = YES;
				CLANG_WARN_OBJC_LITERAL_CONVERSION = YES;
				CLANG_WARN_OBJC_ROOT_CLASS = YES_ERROR;
				CLANG_WARN_QUOTED_INCLUDE_IN_FRAMEWORK_HEADER = YES;
				CLANG_WARN_RANGE_LOOP_ANALYSIS = YES;
				CLANG_WARN_STRICT_PROTOTYPES = YES;
				CLANG_WARN_SUSPICIOUS_MOVE = YES;
				CLANG_WARN_UNGUARDED_AVAILABILITY = YES_AGGRESSIVE;
				CLANG_WARN_UNREACHABLE_CODE = YES;
				CLANG_WARN__DUPLICATE_METHOD_MATCH = YES;
				COPY_PHASE_STRIP = NO;
				DEBUG_INFORMATION_FORMAT = "dwarf-with-dsym";
				ENABLE_NS_ASSERTIONS = NO;
				ENABLE_STRICT_OBJC_MSGSEND = YES;
				GCC_C_LANGUAGE_STANDARD = gnu11;
				GCC_NO_COMMON_BLOCKS = YES;
				GCC_WARN_64_TO_32_BIT_CONVERSION = YES;
				GCC_WARN_ABOUT_RETURN_TYPE = YES_ERROR;
				GCC_WARN_UNDECLARED_SELECTOR = YES;
				GCC_WARN_UNINITIALIZED_AUTOS = YES_AGGRESSIVE;
				GCC_WARN_UNUSED_FUNCTION = YES;
				GCC_WARN_UNUSED_VARIABLE = YES;
				IPHONEOS_DEPLOYMENT_TARGET = 15.5;
				MTL_ENABLE_DEBUG_INFO = NO;
				MTL_FAST_MATH = YES;
				SDKROOT = iphoneos;
				SWIFT_COMPILATION_MODE = wholemodule;
				SWIFT_OPTIMIZATION_LEVEL = "-O";
				VALIDATE_PRODUCT = YES;
			};
			name = Release;
		};
		379C15C829128BE200D91BA6 /* Debug */ = {
			isa = XCBuildConfiguration;
			buildSettings = {
				ASSETCATALOG_COMPILER_APPICON_NAME = AppIcon;
				ASSETCATALOG_COMPILER_GLOBAL_ACCENT_COLOR_NAME = AccentColor;
				CODE_SIGN_STYLE = Automatic;
				CURRENT_PROJECT_VERSION = 1;
				DEVELOPMENT_ASSET_PATHS = "\"FifaWorldCup/Preview Content\"";
				ENABLE_PREVIEWS = YES;
				GENERATE_INFOPLIST_FILE = YES;
				INFOPLIST_KEY_UIApplicationSceneManifest_Generation = YES;
				INFOPLIST_KEY_UIApplicationSupportsIndirectInputEvents = YES;
				INFOPLIST_KEY_UILaunchScreen_Generation = YES;
				INFOPLIST_KEY_UISupportedInterfaceOrientations_iPad = "UIInterfaceOrientationPortrait UIInterfaceOrientationPortraitUpsideDown UIInterfaceOrientationLandscapeLeft UIInterfaceOrientationLandscapeRight";
				INFOPLIST_KEY_UISupportedInterfaceOrientations_iPhone = "UIInterfaceOrientationPortrait UIInterfaceOrientationLandscapeLeft UIInterfaceOrientationLandscapeRight";
				LD_RUNPATH_SEARCH_PATHS = (
					"$(inherited)",
					"@executable_path/Frameworks",
				);
				MARKETING_VERSION = 1.0;
				PRODUCT_BUNDLE_IDENTIFIER = giankaur.FifaWorldCup;
				PRODUCT_NAME = "$(TARGET_NAME)";
				SWIFT_EMIT_LOC_STRINGS = YES;
				SWIFT_VERSION = 5.0;
				TARGETED_DEVICE_FAMILY = "1,2";
			};
			name = Debug;
		};
		379C15C929128BE200D91BA6 /* Release */ = {
			isa = XCBuildConfiguration;
			buildSettings = {
				ASSETCATALOG_COMPILER_APPICON_NAME = AppIcon;
				ASSETCATALOG_COMPILER_GLOBAL_ACCENT_COLOR_NAME = AccentColor;
				CODE_SIGN_STYLE = Automatic;
				CURRENT_PROJECT_VERSION = 1;
				DEVELOPMENT_ASSET_PATHS = "\"FifaWorldCup/Preview Content\"";
				ENABLE_PREVIEWS = YES;
				GENERATE_INFOPLIST_FILE = YES;
				INFOPLIST_KEY_UIApplicationSceneManifest_Generation = YES;
				INFOPLIST_KEY_UIApplicationSupportsIndirectInputEvents = YES;
				INFOPLIST_KEY_UILaunchScreen_Generation = YES;
				INFOPLIST_KEY_UISupportedInterfaceOrientations_iPad = "UIInterfaceOrientationPortrait UIInterfaceOrientationPortraitUpsideDown UIInterfaceOrientationLandscapeLeft UIInterfaceOrientationLandscapeRight";
				INFOPLIST_KEY_UISupportedInterfaceOrientations_iPhone = "UIInterfaceOrientationPortrait UIInterfaceOrientationLandscapeLeft UIInterfaceOrientationLandscapeRight";
				LD_RUNPATH_SEARCH_PATHS = (
					"$(inherited)",
					"@executable_path/Frameworks",
				);
				MARKETING_VERSION = 1.0;
				PRODUCT_BUNDLE_IDENTIFIER = giankaur.FifaWorldCup;
				PRODUCT_NAME = "$(TARGET_NAME)";
				SWIFT_EMIT_LOC_STRINGS = YES;
				SWIFT_VERSION = 5.0;
				TARGETED_DEVICE_FAMILY = "1,2";
			};
			name = Release;
		};
/* End XCBuildConfiguration section */

/* Begin XCConfigurationList section */
		379C15B429128BE000D91BA6 /* Build configuration list for PBXProject "FifaWorldCup" */ = {
			isa = XCConfigurationList;
			buildConfigurations = (
				379C15C529128BE200D91BA6 /* Debug */,
				379C15C629128BE200D91BA6 /* Release */,
			);
			defaultConfigurationIsVisible = 0;
			defaultConfigurationName = Release;
		};
		379C15C729128BE200D91BA6 /* Build configuration list for PBXNativeTarget "FifaWorldCup" */ = {
			isa = XCConfigurationList;
			buildConfigurations = (
				379C15C829128BE200D91BA6 /* Debug */,
				379C15C929128BE200D91BA6 /* Release */,
			);
			defaultConfigurationIsVisible = 0;
			defaultConfigurationName = Release;
		};
/* End XCConfigurationList section */
	};
	rootObject = 379C15B129128BE000D91BA6 /* Project object */;
}
